# THIS IS AN AUTOGENERATED FILE. DO NOT EDIT THIS FILE DIRECTLY.
# yarn lockfile v1


"@babel/runtime@^7.10.1", "@babel/runtime@^7.11.1", "@babel/runtime@^7.12.5", "@babel/runtime@^7.9.2":
  version "7.14.0"
  resolved "https://registry.nlark.com/@babel/runtime/download/@babel/runtime-7.14.0.tgz?cache=0&sync_timestamp=1619727414495&other_urls=https%3A%2F%2Fregistry.nlark.com%2F%40babel%2Fruntime%2Fdownload%2F%40babel%2Fruntime-7.14.0.tgz#46794bc20b612c5f75e62dd071e24dfd95f1cbe6"
  integrity sha1-RnlLwgthLF915i3QceJN/ZXxy+Y=
  dependencies:
    regenerator-runtime "^0.13.4"

"@react-dnd/asap@^4.0.0":
  version "4.0.0"
  resolved "https://registry.npm.taobao.org/@react-dnd/asap/download/@react-dnd/asap-4.0.0.tgz#b300eeed83e9801f51bd66b0337c9a6f04548651"
  integrity sha1-swDu7YPpgB9RvWawM3yabwRUhlE=

"@react-dnd/invariant@^2.0.0":
  version "2.0.0"
  resolved "https://registry.npm.taobao.org/@react-dnd/invariant/download/@react-dnd/invariant-2.0.0.tgz#09d2e81cd39e0e767d7da62df9325860f24e517e"
  integrity sha1-CdLoHNOeDnZ9faYt+TJYYPJOUX4=

"@react-dnd/shallowequal@^2.0.0":
  version "2.0.0"
  resolved "https://registry.npm.taobao.org/@react-dnd/shallowequal/download/@react-dnd/shallowequal-2.0.0.tgz#a3031eb54129f2c66b2753f8404266ec7bf67f0a"
  integrity sha1-owMetUEp8sZrJ1P4QEJm7Hv2fwo=

"@reduxjs/toolkit@^1.4.0":
  version "1.5.1"
  resolved "https://registry.nlark.com/@reduxjs/toolkit/download/@reduxjs/toolkit-1.5.1.tgz?cache=0&sync_timestamp=1619403835702&other_urls=https%3A%2F%2Fregistry.nlark.com%2F%40reduxjs%2Ftoolkit%2Fdownload%2F%40reduxjs%2Ftoolkit-1.5.1.tgz#05daa2f6eebc70dc18cd98a90421fab7fa565dc5"
  integrity sha1-Bdqi9u68cNwYzZipBCH6t/pWXcU=
  dependencies:
    immer "^8.0.1"
    redux "^4.0.0"
    redux-thunk "^2.3.0"
    reselect "^4.0.0"

"@saucerjs/core@^0.1.6", "@saucerjs/core@^0.1.9":
  version "0.1.9"
  resolved "https://registry.nlark.com/@saucerjs/core/download/@saucerjs/core-0.1.9.tgz#dffc1e42cb23a992c89fc2fc9558836e68477d69"
  integrity sha1-3/weQssjqZLIn8L8lViDbmhHfWk=
  dependencies:
    "@reduxjs/toolkit" "^1.4.0"
    lodash "^4.17.20"

"@saucerjs/editor@^0.1.6":
  version "0.1.9"
  resolved "https://registry.nlark.com/@saucerjs/editor/download/@saucerjs/editor-0.1.9.tgz#02a73f51a3003559d6430236af45d7d9532308aa"
  integrity sha1-Aqc/UaMANVnWQwI2r0XX2VMjCKo=
  dependencies:
    "@saucerjs/core" "^0.1.9"
    classnames "^2.2.6"
    less "^3.12.2"
    rc-tree "^4.0.0-beta.2"
    react-dnd "^11.1.3"
    react-dnd-html5-backend "^11.1.3"
    react-split-pane "^0.1.92"
    shortid "^2.2.16"

"@saucerjs/xml@^0.1.6":
  version "0.1.9"
  resolved "https://registry.nlark.com/@saucerjs/xml/download/@saucerjs/xml-0.1.9.tgz#5de9405d4d71d8b114ea7bed50c6e70eb0606df1"
  integrity sha1-XelAXU1x2LEU6nvtUMbnDrBgbfE=
  dependencies:
    "@saucerjs/core" "^0.1.9"
    xml-js "^1.6.11"

"@types/hoist-non-react-statics@^3.3.1":
  version "3.3.1"
  resolved "https://registry.nlark.com/@types/hoist-non-react-statics/download/@types/hoist-non-react-statics-3.3.1.tgz?cache=0&sync_timestamp=1621241452744&other_urls=https%3A%2F%2Fregistry.nlark.com%2F%40types%2Fhoist-non-react-statics%2Fdownload%2F%40types%2Fhoist-non-react-statics-3.3.1.tgz#1124aafe5118cb591977aeb1ceaaed1070eb039f"
  integrity sha1-ESSq/lEYy1kZd66xzqrtEHDrA58=
  dependencies:
    "@types/react" "*"
    hoist-non-react-statics "^3.3.0"

"@types/prop-types@*":
  version "15.7.3"
  resolved "https://registry.nlark.com/@types/prop-types/download/@types/prop-types-15.7.3.tgz#2ab0d5da2e5815f94b0b9d4b95d1e5f243ab2ca7"
  integrity sha1-KrDV2i5YFflLC51LldHl8kOrLKc=

"@types/react@*":
  version "17.0.6"
  resolved "https://registry.nlark.com/@types/react/download/@types/react-17.0.6.tgz?cache=0&sync_timestamp=1621357607951&other_urls=https%3A%2F%2Fregistry.nlark.com%2F%40types%2Freact%2Fdownload%2F%40types%2Freact-17.0.6.tgz#0ec564566302c562bf497d73219797a5e0297013"
  integrity sha1-DsVkVmMCxWK/SX1zIZeXpeApcBM=
  dependencies:
    "@types/prop-types" "*"
    "@types/scheduler" "*"
    csstype "^3.0.2"

"@types/scheduler@*":
  version "0.16.1"
  resolved "https://registry.nlark.com/@types/scheduler/download/@types/scheduler-0.16.1.tgz?cache=0&sync_timestamp=1621242658440&other_urls=https%3A%2F%2Fregistry.nlark.com%2F%40types%2Fscheduler%2Fdownload%2F%40types%2Fscheduler-0.16.1.tgz#18845205e86ff0038517aab7a18a62a6b9f71275"
  integrity sha1-GIRSBehv8AOFF6q3oYpiprn3EnU=

big.js@^5.2.2:
  version "5.2.2"
  resolved "https://registry.nlark.com/big.js/download/big.js-5.2.2.tgz?cache=0&sync_timestamp=1620132748267&other_urls=https%3A%2F%2Fregistry.nlark.com%2Fbig.js%2Fdownload%2Fbig.js-5.2.2.tgz#65f0af382f578bcdc742bd9c281e9cb2d7768328"
  integrity sha1-ZfCvOC9Xi83HQr2cKB6cstd2gyg=

classnames@2.x, classnames@^2.2.1, classnames@^2.2.6:
  version "2.3.1"
  resolved "https://registry.npm.taobao.org/classnames/download/classnames-2.3.1.tgz#dfcfa3891e306ec1dad105d0e88f4417b8535e8e"
  integrity sha1-38+jiR4wbsHa0QXQ6I9EF7hTXo4=

copy-anything@^2.0.1:
  version "2.0.3"
  resolved "https://registry.npm.taobao.org/copy-anything/download/copy-anything-2.0.3.tgz?cache=0&sync_timestamp=1612447113795&other_urls=https%3A%2F%2Fregistry.npm.taobao.org%2Fcopy-anything%2Fdownload%2Fcopy-anything-2.0.3.tgz#842407ba02466b0df844819bbe3baebbe5d45d87"
  integrity sha1-hCQHugJGaw34RIGbvjuuu+XUXYc=
  dependencies:
    is-what "^3.12.0"

csstype@^3.0.2:
  version "3.0.8"
  resolved "https://registry.nlark.com/csstype/download/csstype-3.0.8.tgz?cache=0&sync_timestamp=1618818427821&other_urls=https%3A%2F%2Fregistry.nlark.com%2Fcsstype%2Fdownload%2Fcsstype-3.0.8.tgz#d2266a792729fb227cd216fb572f43728e1ad340"
  integrity sha1-0iZqeScp+yJ80hb7Vy9Dco4a00A=

dnd-core@^11.1.3:
  version "11.1.3"
  resolved "https://registry.npm.taobao.org/dnd-core/download/dnd-core-11.1.3.tgz#f92099ba7245e49729d2433157031a6267afcc98"
  integrity sha1-+SCZunJF5Jcp0kMxVwMaYmevzJg=
  dependencies:
    "@react-dnd/asap" "^4.0.0"
    "@react-dnd/invariant" "^2.0.0"
    redux "^4.0.4"

emojis-list@^3.0.0:
  version "3.0.0"
  resolved "https://registry.nlark.com/emojis-list/download/emojis-list-3.0.0.tgz#5570662046ad29e2e916e71aae260abdff4f6a78"
  integrity sha1-VXBmIEatKeLpFucariYKvf9Pang=

errno@^0.1.1:
  version "0.1.8"
  resolved "https://registry.npm.taobao.org/errno/download/errno-0.1.8.tgz#8bb3e9c7d463be4976ff888f76b4809ebc2e811f"
  integrity sha1-i7Ppx9Rjvkl2/4iPdrSAnrwugR8=
  dependencies:
    prr "~1.0.1"

graceful-fs@^4.1.2:
  version "4.2.6"
  resolved "https://registry.npm.taobao.org/graceful-fs/download/graceful-fs-4.2.6.tgz#ff040b2b0853b23c3d31027523706f1885d76bee"
  integrity sha1-/wQLKwhTsjw9MQJ1I3BvGIXXa+4=

hoist-non-react-statics@^3.3.0:
  version "3.3.2"
  resolved "https://registry.npm.taobao.org/hoist-non-react-statics/download/hoist-non-react-statics-3.3.2.tgz?cache=0&sync_timestamp=1596721617088&other_urls=https%3A%2F%2Fregistry.npm.taobao.org%2Fhoist-non-react-statics%2Fdownload%2Fhoist-non-react-statics-3.3.2.tgz#ece0acaf71d62c2969c2ec59feff42a4b1a85b45"
  integrity sha1-7OCsr3HWLClpwuxZ/v9CpLGoW0U=
  dependencies:
    react-is "^16.7.0"

image-size@~0.5.0:
  version "0.5.5"
  resolved "https://registry.npm.taobao.org/image-size/download/image-size-0.5.5.tgz#09dfd4ab9d20e29eb1c3e80b8990378df9e3cb9c"
  integrity sha1-Cd/Uq50g4p6xw+gLiZA3jfnjy5w=

immer@^8.0.1:
  version "8.0.4"
  resolved "https://registry.nlark.com/immer/download/immer-8.0.4.tgz?cache=0&sync_timestamp=1619363065556&other_urls=https%3A%2F%2Fregistry.nlark.com%2Fimmer%2Fdownload%2Fimmer-8.0.4.tgz#3a21605a4e2dded852fb2afd208ad50969737b7a"
  integrity sha1-OiFgWk4t3thS+yr9IIrVCWlze3o=

is-what@^3.12.0:
  version "3.14.1"
  resolved "https://registry.npm.taobao.org/is-what/download/is-what-3.14.1.tgz?cache=0&sync_timestamp=1615169639418&other_urls=https%3A%2F%2Fregistry.npm.taobao.org%2Fis-what%2Fdownload%2Fis-what-3.14.1.tgz#e1222f46ddda85dead0fd1c9df131760e77755c1"
  integrity sha1-4SIvRt3ahd6tD9HJ3xMXYOd3VcE=

"js-tokens@^3.0.0 || ^4.0.0":
  version "4.0.0"
  resolved "https://registry.nlark.com/js-tokens/download/js-tokens-4.0.0.tgz?cache=0&sync_timestamp=1619345098261&other_urls=https%3A%2F%2Fregistry.nlark.com%2Fjs-tokens%2Fdownload%2Fjs-tokens-4.0.0.tgz#19203fb59991df98e3a287050d4647cdeaf32499"
  integrity sha1-GSA/tZmR35jjoocFDUZHzerzJJk=

json5@^2.1.2:
  version "2.2.0"
  resolved "https://registry.npm.taobao.org/json5/download/json5-2.2.0.tgz?cache=0&other_urls=https%3A%2F%2Fregistry.npm.taobao.org%2Fjson5%2Fdownload%2Fjson5-2.2.0.tgz#2dfefe720c6ba525d9ebd909950f0515316c89a3"
  integrity sha1-Lf7+cgxrpSXZ69kJlQ8FFTFsiaM=
  dependencies:
    minimist "^1.2.5"

less@^3.12.2:
  version "3.13.1"
  resolved "https://registry.npm.taobao.org/less/download/less-3.13.1.tgz#0ebc91d2a0e9c0c6735b83d496b0ab0583077909"
  integrity sha1-DryR0qDpwMZzW4PUlrCrBYMHeQk=
  dependencies:
    copy-anything "^2.0.1"
    tslib "^1.10.0"
  optionalDependencies:
    errno "^0.1.1"
    graceful-fs "^4.1.2"
    image-size "~0.5.0"
    make-dir "^2.1.0"
    mime "^1.4.1"
    native-request "^1.0.5"
    source-map "~0.6.0"

loader-utils@^2.0.0:
  version "2.0.0"
  resolved "https://registry.npm.taobao.org/loader-utils/download/loader-utils-2.0.0.tgz#e4cace5b816d425a166b5f097e10cd12b36064b0"
  integrity sha1-5MrOW4FtQloWa18JfhDNErNgZLA=
  dependencies:
    big.js "^5.2.2"
    emojis-list "^3.0.0"
    json5 "^2.1.2"

lodash@^4.17.20:
  version "4.17.21"
  resolved "https://registry.npm.taobao.org/lodash/download/lodash-4.17.21.tgz?cache=0&sync_timestamp=1613835817439&other_urls=https%3A%2F%2Fregistry.npm.taobao.org%2Flodash%2Fdownload%2Flodash-4.17.21.tgz#679591c564c3bffaae8454cf0b3df370c3d6911c"
  integrity sha1-Z5WRxWTDv/quhFTPCz3zcMPWkRw=

loose-envify@^1.4.0:
  version "1.4.0"
  resolved "https://registry.nlark.com/loose-envify/download/loose-envify-1.4.0.tgz#71ee51fa7be4caec1a63839f7e682d8132d30caf"
  integrity sha1-ce5R+nvkyuwaY4OffmgtgTLTDK8=
  dependencies:
    js-tokens "^3.0.0 || ^4.0.0"

lz-string@^1.4.4:
  version "1.4.4"
  resolved "https://registry.npm.taobao.org/lz-string/download/lz-string-1.4.4.tgz#c0d8eaf36059f705796e1e344811cf4c498d3a26"
  integrity sha1-wNjq82BZ9wV5bh40SBHPTEmNOiY=

make-dir@^2.1.0:
  version "2.1.0"
  resolved "https://registry.npm.taobao.org/make-dir/download/make-dir-2.1.0.tgz#5f0310e18b8be898cc07009295a30ae41e91e6f5"
  integrity sha1-XwMQ4YuL6JjMBwCSlaMK5B6R5vU=
  dependencies:
    pify "^4.0.1"
    semver "^5.6.0"

mime@^1.4.1:
  version "1.6.0"
  resolved "https://registry.nlark.com/mime/download/mime-1.6.0.tgz#32cd9e5c64553bd58d19a568af452acff04981b1"
  integrity sha1-Ms2eXGRVO9WNGaVor0Uqz/BJgbE=

minimist@^1.2.5:
  version "1.2.5"
  resolved "https://registry.nlark.com/minimist/download/minimist-1.2.5.tgz?cache=0&sync_timestamp=1618847181284&other_urls=https%3A%2F%2Fregistry.nlark.com%2Fminimist%2Fdownload%2Fminimist-1.2.5.tgz#67d66014b66a6a8aaa0c083c5fd58df4e4e97602"
  integrity sha1-Z9ZgFLZqaoqqDAg8X9WN9OTpdgI=

monaco-editor-webpack-plugin@^2.0.0:
  version "2.1.0"
  resolved "https://registry.nlark.com/monaco-editor-webpack-plugin/download/monaco-editor-webpack-plugin-2.1.0.tgz#216bd35512a282beac7befd2fcdc5adb110403ff"
  integrity sha1-IWvTVRKigr6se+/S/Nxa2xEEA/8=
  dependencies:
    loader-utils "^2.0.0"

monaco-editor@*:
  version "0.24.0"
  resolved "https://registry.nlark.com/monaco-editor/download/monaco-editor-0.24.0.tgz?cache=0&sync_timestamp=1620845835330&other_urls=https%3A%2F%2Fregistry.nlark.com%2Fmonaco-editor%2Fdownload%2Fmonaco-editor-0.24.0.tgz#990b55096bcc95d08d8d28e55264c6eb17707269"
  integrity sha1-mQtVCWvMldCNjSjlUmTG6xdwcmk=

nanoid@^2.1.0:
  version "2.1.11"
  resolved "https://registry.nlark.com/nanoid/download/nanoid-2.1.11.tgz#ec24b8a758d591561531b4176a01e3ab4f0f0280"
  integrity sha1-7CS4p1jVkVYVMbQXagHjq08PAoA=

native-request@^1.0.5:
  version "1.0.8"
  resolved "https://registry.npm.taobao.org/native-request/download/native-request-1.0.8.tgz?cache=0&other_urls=https%3A%2F%2Fregistry.npm.taobao.org%2Fnative-request%2Fdownload%2Fnative-request-1.0.8.tgz#8f66bf606e0f7ea27c0e5995eb2f5d03e33ae6fb"
  integrity sha1-j2a/YG4PfqJ8DlmV6y9dA+M65vs=

object-assign@^4.1.1:
  version "4.1.1"
  resolved "https://registry.nlark.com/object-assign/download/object-assign-4.1.1.tgz?cache=0&sync_timestamp=1618847240432&other_urls=https%3A%2F%2Fregistry.nlark.com%2Fobject-assign%2Fdownload%2Fobject-assign-4.1.1.tgz#2109adc7965887cfc05cbbd442cac8bfbb360863"
  integrity sha1-IQmtx5ZYh8/AXLvUQsrIv7s2CGM=

pify@^4.0.1:
  version "4.0.1"
  resolved "https://registry.nlark.com/pify/download/pify-4.0.1.tgz?cache=0&sync_timestamp=1618847026395&other_urls=https%3A%2F%2Fregistry.nlark.com%2Fpify%2Fdownload%2Fpify-4.0.1.tgz#4b2cd25c50d598735c50292224fd8c6df41e3231"
  integrity sha1-SyzSXFDVmHNcUCkiJP2MbfQeMjE=

prop-types@^15.5.4, prop-types@^15.7.2:
  version "15.7.2"
  resolved "https://registry.npm.taobao.org/prop-types/download/prop-types-15.7.2.tgz#52c41e75b8c87e72b9d9360e0206b99dcbffa6c5"
  integrity sha1-UsQedbjIfnK52TYOAga5ncv/psU=
  dependencies:
    loose-envify "^1.4.0"
    object-assign "^4.1.1"
    react-is "^16.8.1"

prr@~1.0.1:
  version "1.0.1"
  resolved "https://registry.npm.taobao.org/prr/download/prr-1.0.1.tgz#d3fc114ba06995a45ec6893f484ceb1d78f5f476"
  integrity sha1-0/wRS6BplaRexok/SEzrHXj19HY=

rc-motion@^2.0.1:
  version "2.4.3"
  resolved "https://registry.nlark.com/rc-motion/download/rc-motion-2.4.3.tgz#2afd129da8764ee0372ba83442949d8ecb1c7ad2"
  integrity sha1-Kv0Snah2TuA3K6g0QpSdjsscetI=
  dependencies:
    "@babel/runtime" "^7.11.1"
    classnames "^2.2.1"
    rc-util "^5.2.1"

rc-resize-observer@^1.0.0:
  version "1.0.0"
  resolved "https://registry.npm.taobao.org/rc-resize-observer/download/rc-resize-observer-1.0.0.tgz?cache=0&sync_timestamp=1608864849776&other_urls=https%3A%2F%2Fregistry.npm.taobao.org%2Frc-resize-observer%2Fdownload%2Frc-resize-observer-1.0.0.tgz#97fb89856f62fec32ab6e40933935cf58e2e102d"
  integrity sha1-l/uJhW9i/sMqtuQJM5Nc9Y4uEC0=
  dependencies:
    "@babel/runtime" "^7.10.1"
    classnames "^2.2.1"
    rc-util "^5.0.0"
    resize-observer-polyfill "^1.5.1"

rc-tree@^4.0.0-beta.2:
  version "4.1.5"
  resolved "https://registry.npm.taobao.org/rc-tree/download/rc-tree-4.1.5.tgz?cache=0&sync_timestamp=1615351202230&other_urls=https%3A%2F%2Fregistry.npm.taobao.org%2Frc-tree%2Fdownload%2Frc-tree-4.1.5.tgz#734ab1bfe835e78791be41442ca0e571147ab6fa"
  integrity sha1-c0qxv+g154eRvkFELKDlcRR6tvo=
  dependencies:
    "@babel/runtime" "^7.10.1"
    classnames "2.x"
    rc-motion "^2.0.1"
    rc-util "^5.0.0"
    rc-virtual-list "^3.0.1"

rc-util@^5.0.0, rc-util@^5.0.7, rc-util@^5.2.1:
  version "5.13.0"
  resolved "https://registry.nlark.com/rc-util/download/rc-util-5.13.0.tgz#ca7e428644c361ff32760497357f6859883b0111"
  integrity sha1-yn5ChkTDYf8ydgSXNX9oWYg7ARE=
  dependencies:
    "@babel/runtime" "^7.12.5"
    react-is "^16.12.0"
    shallowequal "^1.1.0"

rc-virtual-list@^3.0.1:
  version "3.2.6"
  resolved "https://registry.npm.taobao.org/rc-virtual-list/download/rc-virtual-list-3.2.6.tgz?cache=0&sync_timestamp=1610703715099&other_urls=https%3A%2F%2Fregistry.npm.taobao.org%2Frc-virtual-list%2Fdownload%2Frc-virtual-list-3.2.6.tgz#2c92a40f4425e19881b38134d6bd286a11137d2d"
  integrity sha1-LJKkD0Ql4ZiBs4E01r0oahETfS0=
  dependencies:
    classnames "^2.2.6"
    rc-resize-observer "^1.0.0"
    rc-util "^5.0.7"

react-dnd-html5-backend@^11.1.3:
  version "11.1.3"
  resolved "https://registry.npm.taobao.org/react-dnd-html5-backend/download/react-dnd-html5-backend-11.1.3.tgz#2749f04f416ec230ea193f5c1fbea2de7dffb8f7"
  integrity sha1-J0nwT0FuwjDqGT9cH76i3n3/uPc=
  dependencies:
    dnd-core "^11.1.3"

react-dnd@^11.1.3:
  version "11.1.3"
  resolved "https://registry.npm.taobao.org/react-dnd/download/react-dnd-11.1.3.tgz#f9844f5699ccc55dfc81462c2c19f726e670c1af"
  integrity sha1-+YRPVpnMxV38gUYsLBn3JuZwwa8=
  dependencies:
    "@react-dnd/shallowequal" "^2.0.0"
    "@types/hoist-non-react-statics" "^3.3.1"
    dnd-core "^11.1.3"
    hoist-non-react-statics "^3.3.0"

react-is@^16.12.0, react-is@^16.7.0, react-is@^16.8.1:
  version "16.13.1"
  resolved "https://registry.nlark.com/react-is/download/react-is-16.13.1.tgz?cache=0&sync_timestamp=1621354996438&other_urls=https%3A%2F%2Fregistry.nlark.com%2Freact-is%2Fdownload%2Freact-is-16.13.1.tgz#789729a4dc36de2999dc156dd6c1d9c18cea56a4"
  integrity sha1-eJcppNw23imZ3BVt1sHZwYzqVqQ=

react-lifecycles-compat@^3.0.4:
  version "3.0.4"
  resolved "https://registry.npm.taobao.org/react-lifecycles-compat/download/react-lifecycles-compat-3.0.4.tgz#4f1a273afdfc8f3488a8c516bfda78f872352362"
  integrity sha1-TxonOv38jzSIqMUWv9p4+HI1I2I=

react-monaco-editor@^0.40.0:
  version "0.40.0"
  resolved "https://registry.nlark.com/react-monaco-editor/download/react-monaco-editor-0.40.0.tgz#f1b021b32952cfc63a4bf2661fd20f61b2b8309f"
  integrity sha1-8bAhsylSz8Y6S/JmH9IPYbK4MJ8=
  dependencies:
    monaco-editor "*"
    prop-types "^15.7.2"

react-split-pane@^0.1.92:
  version "0.1.92"
  resolved "https://registry.npm.taobao.org/react-split-pane/download/react-split-pane-0.1.92.tgz#68242f72138aed95dd5910eeb9d99822c4fc3a41"
  integrity sha1-aCQvchOK7ZXdWRDuudmYIsT8OkE=
  dependencies:
    prop-types "^15.7.2"
    react-lifecycles-compat "^3.0.4"
    react-style-proptype "^3.2.2"

react-style-proptype@^3.2.2:
  version "3.2.2"
  resolved "https://registry.npm.taobao.org/react-style-proptype/download/react-style-proptype-3.2.2.tgz#d8e998e62ce79ec35b087252b90f19f1c33968a0"
  integrity sha1-2OmY5iznnsNbCHJSuQ8Z8cM5aKA=
  dependencies:
    prop-types "^15.5.4"

redux-thunk@^2.3.0:
  version "2.3.0"
  resolved "https://registry.npm.taobao.org/redux-thunk/download/redux-thunk-2.3.0.tgz#51c2c19a185ed5187aaa9a2d08b666d0d6467622"
  integrity sha1-UcLBmhhe1Rh6qpotCLZm0NZGdiI=

redux@^4.0.0, redux@^4.0.4:
  version "4.1.0"
  resolved "https://registry.nlark.com/redux/download/redux-4.1.0.tgz?cache=0&other_urls=https%3A%2F%2Fregistry.nlark.com%2Fredux%2Fdownload%2Fredux-4.1.0.tgz#eb049679f2f523c379f1aff345c8612f294c88d4"
  integrity sha1-6wSWefL1I8N58a/zRchhLylMiNQ=
  dependencies:
    "@babel/runtime" "^7.9.2"

regenerator-runtime@^0.13.4:
  version "0.13.7"
  resolved "https://registry.nlark.com/regenerator-runtime/download/regenerator-runtime-0.13.7.tgz#cac2dacc8a1ea675feaabaeb8ae833898ae46f55"
  integrity sha1-ysLazIoepnX+qrrriugziYrkb1U=

reselect@^4.0.0:
  version "4.0.0"
  resolved "https://registry.npm.taobao.org/reselect/download/reselect-4.0.0.tgz#f2529830e5d3d0e021408b246a206ef4ea4437f7"
  integrity sha1-8lKYMOXT0OAhQIskaiBu9OpEN/c=

resize-observer-polyfill@^1.5.1:
  version "1.5.1"
  resolved "https://registry.npm.taobao.org/resize-observer-polyfill/download/resize-observer-polyfill-1.5.1.tgz#0e9020dd3d21024458d4ebd27e23e40269810464"
  integrity sha1-DpAg3T0hAkRY1OvSfiPkAmmBBGQ=

sax@^1.2.4:
  version "1.2.4"
  resolved "https://registry.nlark.com/sax/download/sax-1.2.4.tgz#2816234e2378bddc4e5354fab5caa895df7100d9"
  integrity sha1-KBYjTiN4vdxOU1T6tcqold9xANk=

semver@^5.6.0:
  version "5.7.1"
  resolved "https://registry.npm.taobao.org/semver/download/semver-5.7.1.tgz?cache=0&sync_timestamp=1616463641178&other_urls=https%3A%2F%2Fregistry.npm.taobao.org%2Fsemver%2Fdownload%2Fsemver-5.7.1.tgz#a954f931aeba508d307bbf069eff0c01c96116f7"
  integrity sha1-qVT5Ma66UI0we78Gnv8MAclhFvc=

shallowequal@^1.1.0:
  version "1.1.0"
  resolved "https://registry.npm.taobao.org/shallowequal/download/shallowequal-1.1.0.tgz#188d521de95b9087404fd4dcb68b13df0ae4e7f8"
  integrity sha1-GI1SHelbkIdAT9TctosT3wrk5/g=

shortid@^2.2.16:
  version "2.2.16"
  resolved "https://registry.nlark.com/shortid/download/shortid-2.2.16.tgz#b742b8f0cb96406fd391c76bfc18a67a57fe5608"
  integrity sha1-t0K48MuWQG/Tkcdr/Bimelf+Vgg=
  dependencies:
    nanoid "^2.1.0"

source-map@~0.6.0:
  version "0.6.1"
  resolved "https://registry.nlark.com/source-map/download/source-map-0.6.1.tgz?cache=0&other_urls=https%3A%2F%2Fregistry.nlark.com%2Fsource-map%2Fdownload%2Fsource-map-0.6.1.tgz#74722af32e9614e9c287a8d0bbde48b5e2f1a263"
  integrity sha1-dHIq8y6WFOnCh6jQu95IteLxomM=

tslib@^1.10.0:
  version "1.14.1"
  resolved "https://registry.npm.taobao.org/tslib/download/tslib-1.14.1.tgz?cache=0&sync_timestamp=1617647331485&other_urls=https%3A%2F%2Fregistry.npm.taobao.org%2Ftslib%2Fdownload%2Ftslib-1.14.1.tgz#cf2d38bdc34a134bcaf1091c41f6619e2f672d00"
  integrity sha1-zy04vcNKE0vK8QkcQfZhni9nLQA=

xml-js@^1.6.11:
  version "1.6.11"
  resolved "https://registry.npm.taobao.org/xml-js/download/xml-js-1.6.11.tgz#927d2f6947f7f1c19a316dd8eea3614e8b18f8e9"
  integrity sha1-kn0vaUf38cGaMW3Y7qNhTosY+Ok=
  dependencies:
    sax "^1.2.4"
