{
  "name": "trpg-web",
  "version": "1.0.0",
  "lockfileVersion": 1,
  "requires": true,
  "dependencies": {
    "commander": {
      "version": "2.20.3",
      "resolved": "https://registry.npm.taobao.org/commander/download/commander-2.20.3.tgz?cache=0&sync_timestamp=1582184318824&other_urls=https%3A%2F%2Fregistry.npm.taobao.org%2Fcommander%2Fdownload%2Fcommander-2.20.3.tgz",
      "integrity": "sha1-/UhehMA+tIgcIHIrpIA16FMa6zM="
    },
    "cssfilter": {
      "version": "0.0.10",
      "resolved": "https://registry.npm.taobao.org/cssfilter/download/cssfilter-0.0.10.tgz",
      "integrity": "sha1-xtJnJjKi5cg+AT5oZKQs6N79IK4="
    },
    "xss": {
      "version": "1.0.6",
      "resolved": "https://registry.npm.taobao.org/xss/download/xss-1.0.6.tgz",
      "integrity": "sha1-6vEen8R2464omUShAJ793YoSS1E=",
      "requires": {
        "commander": "^2.9.0",
        "cssfilter": "0.0.10"
      }
    }
  }
}
